// !$*UTF8*$!
{
	archiveVersion = 1;
	classes = {
	};
	objectVersion = 48;
	objects = {

/* Begin PBXBuildFile section */
		81EACC751FE02CC7004BCF83 /* AppDelegate.swift in Sources */ = {isa = PBXBuildFile; fileRef = 81EACC741FE02CC7004BCF83 /* AppDelegate.swift */; };
		81EACC7A1FE02CC7004BCF83 /* Main.storyboard in Resources */ = {isa = PBXBuildFile; fileRef = 81EACC781FE02CC7004BCF83 /* Main.storyboard */; };
		81EACC7C1FE02CC7004BCF83 /* Assets.xcassets in Resources */ = {isa = PBXBuildFile; fileRef = 81EACC7B1FE02CC7004BCF83 /* Assets.xcassets */; };
		81EACC7F1FE02CC7004BCF83 /* LaunchScreen.storyboard in Resources */ = {isa = PBXBuildFile; fileRef = 81EACC7D1FE02CC7004BCF83 /* LaunchScreen.storyboard */; };
		81EACC871FE02F4E004BCF83 /* DSAListViewViewController.swift in Sources */ = {isa = PBXBuildFile; fileRef = 81EACC861FE02F4E004BCF83 /* DSAListViewViewController.swift */; };
		81EACC891FE030FA004BCF83 /* EditListViewController.swift in Sources */ = {isa = PBXBuildFile; fileRef = 81EACC881FE030FA004BCF83 /* EditListViewController.swift */; };
		81EACC8B1FE036F9004BCF83 /* DSA.swift in Sources */ = {isa = PBXBuildFile; fileRef = 81EACC8A1FE036F9004BCF83 /* DSA.swift */; };
		81EACC901FE03CD5004BCF83 /* DataModel.swift in Sources */ = {isa = PBXBuildFile; fileRef = 81EACC8F1FE03CD5004BCF83 /* DataModel.swift */; };
/* End PBXBuildFile section */

/* Begin PBXFileReference section */
		81EACC711FE02CC7004BCF83 /* DSA-NSKeyedArchiver.app */ = {isa = PBXFileReference; explicitFileType = wrapper.application; includeInIndex = 0; path = "DSA-NSKeyedArchiver.app"; sourceTree = BUILT_PRODUCTS_DIR; };
		81EACC741FE02CC7004BCF83 /* AppDelegate.swift */ = {isa = PBXFileReference; lastKnownFileType = sourcecode.swift; path = AppDelegate.swift; sourceTree = "<group>"; };
		81EACC791FE02CC7004BCF83 /* Base */ = {isa = PBXFileReference; lastKnownFileType = file.storyboard; name = Base; path = Base.lproj/Main.storyboard; sourceTree = "<group>"; };
		81EACC7B1FE02CC7004BCF83 /* Assets.xcassets */ = {isa = PBXFileReference; lastKnownFileType = folder.assetcatalog; path = Assets.xcassets; sourceTree = "<group>"; };
		81EACC7E1FE02CC7004BCF83 /* Base */ = {isa = PBXFileReference; lastKnownFileType = file.storyboard; name = Base; path = Base.lproj/LaunchScreen.storyboard; sourceTree = "<group>"; };
		81EACC801FE02CC7004BCF83 /* Info.plist */ = {isa = PBXFileReference; lastKnownFileType = text.plist.xml; path = Info.plist; sourceTree = "<group>"; };
		81EACC861FE02F4E004BCF83 /* DSAListViewViewController.swift */ = {isa = PBXFileReference; lastKnownFileType = sourcecode.swift; path = DSAListViewViewController.swift; sourceTree = "<group>"; };
		81EACC881FE030FA004BCF83 /* EditListViewController.swift */ = {isa = PBXFileReference; lastKnownFileType = sourcecode.swift; path = EditListViewController.swift; sourceTree = "<group>"; };
		81EACC8A1FE036F9004BCF83 /* DSA.swift */ = {isa = PBXFileReference; lastKnownFileType = sourcecode.swift; path = DSA.swift; sourceTree = "<group>"; };
		81EACC8F1FE03CD5004BCF83 /* DataModel.swift */ = {isa = PBXFileReference; lastKnownFileType = sourcecode.swift; path = DataModel.swift; sourceTree = "<group>"; };
/* End PBXFileReference section */

/* Begin PBXFrameworksBuildPhase section */
		81EACC6E1FE02CC7004BCF83 /* Frameworks */ = {
			isa = PBXFrameworksBuildPhase;
			buildActionMask = 2147483647;
			files = (
			);
			runOnlyForDeploymentPostprocessing = 0;
		};
/* End PBXFrameworksBuildPhase section */

/* Begin PBXGroup section */
		81EACC681FE02CC7004BCF83 = {
			isa = PBXGroup;
			children = (
				81EACC731FE02CC7004BCF83 /* DSA-NSKeyedArchiver */,
				81EACC721FE02CC7004BCF83 /* Products */,
			);
			sourceTree = "<group>";
		};
		81EACC721FE02CC7004BCF83 /* Products */ = {
			isa = PBXGroup;
			children = (
				81EACC711FE02CC7004BCF83 /* DSA-NSKeyedArchiver.app */,
			);
			name = Products;
			sourceTree = "<group>";
		};
		81EACC731FE02CC7004BCF83 /* DSA-NSKeyedArchiver */ = {
			isa = PBXGroup;
			children = (
				81EACC781FE02CC7004BCF83 /* Main.storyboard */,
				81EACC8D1FE0376A004BCF83 /* View Controllers */,
				81EACC8C1FE036FD004BCF83 /* Model */,
				81EACC8E1FE03782004BCF83 /* Supporting Files */,
				81EACC801FE02CC7004BCF83 /* Info.plist */,
			);
			path = "DSA-NSKeyedArchiver";
			sourceTree = "<group>";
		};
		81EACC8C1FE036FD004BCF83 /* Model */ = {
			isa = PBXGroup;
			children = (
				81EACC8A1FE036F9004BCF83 /* DSA.swift */,
				81EACC8F1FE03CD5004BCF83 /* DataModel.swift */,
			);
			path = Model;
			sourceTree = "<group>";
		};
		81EACC8D1FE0376A004BCF83 /* View Controllers */ = {
			isa = PBXGroup;
			children = (
				81EACC861FE02F4E004BCF83 /* DSAListViewViewController.swift */,
				81EACC881FE030FA004BCF83 /* EditListViewController.swift */,
			);
			path = "View Controllers";
			sourceTree = "<group>";
		};
		81EACC8E1FE03782004BCF83 /* Supporting Files */ = {
			isa = PBXGroup;
			children = (
				81EACC7B1FE02CC7004BCF83 /* Assets.xcassets */,
				81EACC741FE02CC7004BCF83 /* AppDelegate.swift */,
				81EACC7D1FE02CC7004BCF83 /* LaunchScreen.storyboard */,
			);
			path = "Supporting Files";
			sourceTree = "<group>";
		};
/* End PBXGroup section */

/* Begin PBXNativeTarget section */
		81EACC701FE02CC7004BCF83 /* DSA-NSKeyedArchiver */ = {
			isa = PBXNativeTarget;
			buildConfigurationList = 81EACC831FE02CC7004BCF83 /* Build configuration list for PBXNativeTarget "DSA-NSKeyedArchiver" */;
			buildPhases = (
				81EACC6D1FE02CC7004BCF83 /* Sources */,
				81EACC6E1FE02CC7004BCF83 /* Frameworks */,
				81EACC6F1FE02CC7004BCF83 /* Resources */,
			);
			buildRules = (
			);
			dependencies = (
			);
			name = "DSA-NSKeyedArchiver";
			productName = "DSA-NSKeyedArchiver";
			productReference = 81EACC711FE02CC7004BCF83 /* DSA-NSKeyedArchiver.app */;
			productType = "com.apple.product-type.application";
		};
/* End PBXNativeTarget section */

/* Begin PBXProject section */
		81EACC691FE02CC7004BCF83 /* Project object */ = {
			isa = PBXProject;
			attributes = {
				LastSwiftUpdateCheck = 0900;
				LastUpgradeCheck = 0900;
				ORGANIZATIONNAME = C4Q;
				TargetAttributes = {
					81EACC701FE02CC7004BCF83 = {
						CreatedOnToolsVersion = 9.0.1;
						ProvisioningStyle = Automatic;
					};
				};
			};
			buildConfigurationList = 81EACC6C1FE02CC7004BCF83 /* Build configuration list for PBXProject "DSA-NSKeyedArchiver" */;
			compatibilityVersion = "Xcode 8.0";
			developmentRegion = en;
			hasScannedForEncodings = 0;
			knownRegions = (
				en,
				Base,
			);
			mainGroup = 81EACC681FE02CC7004BCF83;
			productRefGroup = 81EACC721FE02CC7004BCF83 /* Products */;
			projectDirPath = "";
			projectRoot = "";
			targets = (
				81EACC701FE02CC7004BCF83 /* DSA-NSKeyedArchiver */,
			);
		};
/* End PBXProject section */

/* Begin PBXResourcesBuildPhase section */
		81EACC6F1FE02CC7004BCF83 /* Resources */ = {
			isa = PBXResourcesBuildPhase;
			buildActionMask = 2147483647;
			files = (
				81EACC7F1FE02CC7004BCF83 /* LaunchScreen.storyboard in Resources */,
				81EACC7C1FE02CC7004BCF83 /* Assets.xcassets in Resources */,
				81EACC7A1FE02CC7004BCF83 /* Main.storyboard in Resources */,
			);
			runOnlyForDeploymentPostprocessing = 0;
		};
/* End PBXResourcesBuildPhase section */

/* Begin PBXSourcesBuildPhase section */
		81EACC6D1FE02CC7004BCF83 /* Sources */ = {
			isa = PBXSourcesBuildPhase;
			buildActionMask = 2147483647;
			files = (
				81EACC901FE03CD5004BCF83 /* DataModel.swift in Sources */,
				81EACC8B1FE036F9004BCF83 /* DSA.swift in Sources */,
				81EACC871FE02F4E004BCF83 /* DSAListViewViewController.swift in Sources */,
				81EACC891FE030FA004BCF83 /* EditListViewController.swift in Sources */,
				81EACC751FE02CC7004BCF83 /* AppDelegate.swift in Sources */,
			);
			runOnlyForDeploymentPostprocessing = 0;
		};
/* End PBXSourcesBuildPhase section */

/* Begin PBXVariantGroup section */
		81EACC781FE02CC7004BCF83 /* Main.storyboard */ = {
			isa = PBXVariantGroup;
			children = (
				81EACC791FE02CC7004BCF83 /* Base */,
			);
			name = Main.storyboard;
			sourceTree = "<group>";
		};
		81EACC7D1FE02CC7004BCF83 /* LaunchScreen.storyboard */ = {
			isa = PBXVariantGroup;
			children = (
				81EACC7E1FE02CC7004BCF83 /* Base */,
			);
			name = LaunchScreen.storyboard;
			sourceTree = "<group>";
		};
/* End PBXVariantGroup section */

/* Begin XCBuildConfiguration section */
		81EACC811FE02CC7004BCF83 /* Debug */ = {
			isa = XCBuildConfiguration;
			buildSettings = {
				ALWAYS_SEARCH_USER_PATHS = NO;
				CLANG_ANALYZER_NONNULL = YES;
				CLANG_ANALYZER_NUMBER_OBJECT_CONVERSION = YES_AGGRESSIVE;
				CLANG_CXX_LANGUAGE_STANDARD = "gnu++14";
				CLANG_CXX_LIBRARY = "libc++";
				CLANG_ENABLE_MODULES = YES;
				CLANG_ENABLE_OBJC_ARC = YES;
				CLANG_WARN_BLOCK_CAPTURE_AUTORELEASING = YES;
				CLANG_WARN_BOOL_CONVERSION = YES;
				CLANG_WARN_COMMA = YES;
				CLANG_WARN_CONSTANT_CONVERSION = YES;
				CLANG_WARN_DIRECT_OBJC_ISA_USAGE = YES_ERROR;
				CLANG_WARN_DOCUMENTATION_COMMENTS = YES;
				CLANG_WARN_EMPTY_BODY = YES;
				CLANG_WARN_ENUM_CONVERSION = YES;
				CLANG_WARN_INFINITE_RECURSION = YES;
				CLANG_WARN_INT_CONVERSION = YES;
				CLANG_WARN_NON_LITERAL_NULL_CONVERSION = YES;
				CLANG_WARN_OBJC_LITERAL_CONVERSION = YES;
				CLANG_WARN_OBJC_ROOT_CLASS = YES_ERROR;
				CLANG_WARN_RANGE_LOOP_ANALYSIS = YES;
				CLANG_WARN_STRICT_PROTOTYPES = YES;
				CLANG_WARN_SUSPICIOUS_MOVE = YES;
				CLANG_WARN_UNGUARDED_AVAILABILITY = YES_AGGRESSIVE;
				CLANG_WARN_UNREACHABLE_CODE = YES;
				CLANG_WARN__DUPLICATE_METHOD_MATCH = YES;
				CODE_SIGN_IDENTITY = "iPhone Developer";
				COPY_PHASE_STRIP = NO;
				DEBUG_INFORMATION_FORMAT = dwarf;
				ENABLE_STRICT_OBJC_MSGSEND = YES;
				ENABLE_TESTABILITY = YES;
				GCC_C_LANGUAGE_STANDARD = gnu11;
				GCC_DYNAMIC_NO_PIC = NO;
				GCC_NO_COMMON_BLOCKS = YES;
				GCC_OPTIMIZATION_LEVEL = 0;
				GCC_PREPROCESSOR_DEFINITIONS = (
					"DEBUG=1",
					"$(inherited)",
				);
				GCC_WARN_64_TO_32_BIT_CONVERSION = YES;
				GCC_WARN_ABOUT_RETURN_TYPE = YES_ERROR;
				GCC_WARN_UNDECLARED_SELECTOR = YES;
				GCC_WARN_UNINITIALIZED_AUTOS = YES_AGGRESSIVE;
				GCC_WARN_UNUSED_FUNCTION = YES;
				GCC_WARN_UNUSED_VARIABLE = YES;
				IPHONEOS_DEPLOYMENT_TARGET = 11.0;
				MTL_ENABLE_DEBUG_INFO = YES;
				ONLY_ACTIVE_ARCH = YES;
				SDKROOT = iphoneos;
				SWIFT_ACTIVE_COMPILATION_CONDITIONS = DEBUG;
				SWIFT_OPTIMIZATION_LEVEL = "-Onone";
			};
			name = Debug;
		};
		81EACC821FE02CC7004BCF83 /* Release */ = {
			isa = XCBuildConfiguration;
			buildSettings = {
				ALWAYS_SEARCH_USER_PATHS = NO;
				CLANG_ANALYZER_NONNULL = YES;
				CLANG_ANALYZER_NUMBER_OBJECT_CONVERSION = YES_AGGRESSIVE;
				CLANG_CXX_LANGUAGE_STANDARD = "gnu++14";
				CLANG_CXX_LIBRARY = "libc++";
				CLANG_ENABLE_MODULES = YES;
				CLANG_ENABLE_OBJC_ARC = YES;
				CLANG_WARN_BLOCK_CAPTURE_AUTORELEASING = YES;
				CLANG_WARN_BOOL_CONVERSION = YES;
				CLANG_WARN_COMMA = YES;
				CLANG_WARN_CONSTANT_CONVERSION = YES;
				CLANG_WARN_DIRECT_OBJC_ISA_USAGE = YES_ERROR;
				CLANG_WARN_DOCUMENTATION_COMMENTS = YES;
				CLANG_WARN_EMPTY_BODY = YES;
				CLANG_WARN_ENUM_CONVERSION = YES;
				CLANG_WARN_INFINITE_RECURSION = YES;
				CLANG_WARN_INT_CONVERSION = YES;
				CLANG_WARN_NON_LITERAL_NULL_CONVERSION = YES;
				CLANG_WARN_OBJC_LITERAL_CONVERSION = YES;
				CLANG_WARN_OBJC_ROOT_CLASS = YES_ERROR;
				CLANG_WARN_RANGE_LOOP_ANALYSIS = YES;
				CLANG_WARN_STRICT_PROTOTYPES = YES;
				CLANG_WARN_SUSPICIOUS_MOVE = YES;
				CLANG_WARN_UNGUARDED_AVAILABILITY = YES_AGGRESSIVE;
				CLANG_WARN_UNREACHABLE_CODE = YES;
				CLANG_WARN__DUPLICATE_METHOD_MATCH = YES;
				CODE_SIGN_IDENTITY = "iPhone Developer";
				COPY_PHASE_STRIP = NO;
				DEBUG_INFORMATION_FORMAT = "dwarf-with-dsym";
				ENABLE_NS_ASSERTIONS = NO;
				ENABLE_STRICT_OBJC_MSGSEND = YES;
				GCC_C_LANGUAGE_STANDARD = gnu11;
				GCC_NO_COMMON_BLOCKS = YES;
				GCC_WARN_64_TO_32_BIT_CONVERSION = YES;
				GCC_WARN_ABOUT_RETURN_TYPE = YES_ERROR;
				GCC_WARN_UNDECLARED_SELECTOR = YES;
				GCC_WARN_UNINITIALIZED_AUTOS = YES_AGGRESSIVE;
				GCC_WARN_UNUSED_FUNCTION = YES;
				GCC_WARN_UNUSED_VARIABLE = YES;
				IPHONEOS_DEPLOYMENT_TARGET = 11.0;
				MTL_ENABLE_DEBUG_INFO = NO;
				SDKROOT = iphoneos;
				SWIFT_OPTIMIZATION_LEVEL = "-Owholemodule";
				VALIDATE_PRODUCT = YES;
			};
			name = Release;
		};
		81EACC841FE02CC7004BCF83 /* Debug */ = {
			isa = XCBuildConfiguration;
			buildSettings = {
				ASSETCATALOG_COMPILER_APPICON_NAME = AppIcon;
				CODE_SIGN_STYLE = Automatic;
				INFOPLIST_FILE = "DSA-NSKeyedArchiver/Info.plist";
				LD_RUNPATH_SEARCH_PATHS = "$(inherited) @executable_path/Frameworks";
				PRODUCT_BUNDLE_IDENTIFIER = "nyc.c4q.AC4.3.DSA-NSKeyedArchiver";
				PRODUCT_NAME = "$(TARGET_NAME)";
				SWIFT_VERSION = 4.0;
				TARGETED_DEVICE_FAMILY = "1,2";
			};
			name = Debug;
		};
		81EACC851FE02CC7004BCF83 /* Release */ = {
			isa = XCBuildConfiguration;
			buildSettings = {
				ASSETCATALOG_COMPILER_APPICON_NAME = AppIcon;
				CODE_SIGN_STYLE = Automatic;
				INFOPLIST_FILE = "DSA-NSKeyedArchiver/Info.plist";
				LD_RUNPATH_SEARCH_PATHS = "$(inherited) @executable_path/Frameworks";
				PRODUCT_BUNDLE_IDENTIFIER = "nyc.c4q.AC4.3.DSA-NSKeyedArchiver";
				PRODUCT_NAME = "$(TARGET_NAME)";
				SWIFT_VERSION = 4.0;
				TARGETED_DEVICE_FAMILY = "1,2";
			};
			name = Release;
		};
/* End XCBuildConfiguration section */

/* Begin XCConfigurationList section */
		81EACC6C1FE02CC7004BCF83 /* Build configuration list for PBXProject "DSA-NSKeyedArchiver" */ = {
			isa = XCConfigurationList;
			buildConfigurations = (
				81EACC811FE02CC7004BCF83 /* Debug */,
				81EACC821FE02CC7004BCF83 /* Release */,
			);
			defaultConfigurationIsVisible = 0;
			defaultConfigurationName = Release;
		};
		81EACC831FE02CC7004BCF83 /* Build configuration list for PBXNativeTarget "DSA-NSKeyedArchiver" */ = {
			isa = XCConfigurationList;
			buildConfigurations = (
				81EACC841FE02CC7004BCF83 /* Debug */,
				81EACC851FE02CC7004BCF83 /* Release */,
			);
			defaultConfigurationIsVisible = 0;
			defaultConfigurationName = Release;
		};
/* End XCConfigurationList section */
	};
	rootObject = 81EACC691FE02CC7004BCF83 /* Project object */;
}
